{
  "name": "Exercice_8",
  "lockfileVersion": 2,
  "requires": true,
  "packages": {
    "": {
      "dependencies": {
        "lb": "^0.0.1"
      }
    },
    "node_modules/lb": {
      "version": "0.0.1",
      "resolved": "https://registry.npmjs.org/lb/-/lb-0.0.1.tgz",
      "integrity": "sha1-IOrtywOYAVip4Do0yvJeRU2vpUg="
    }
  },
  "dependencies": {
    "lb": {
      "version": "0.0.1",
      "resolved": "https://registry.npmjs.org/lb/-/lb-0.0.1.tgz",
      "integrity": "sha1-IOrtywOYAVip4Do0yvJeRU2vpUg="
    }
  }
}
